
Microsoft Visual Studio Solution File, Format Version 12.00
# Visual Studio Version 16
VisualStudioVersion = 16.0.31025.194
MinimumVisualStudioVersion = 10.0.40219.1
Project("{2150E333-8FDC-42A3-9474-1A3956D46DE8}") = "1. Presentacion", "1. Presentacion", "{3D740F9E-8576-40B2-81C8-48FBD49A522A}"
EndProject
Project("{2150E333-8FDC-42A3-9474-1A3956D46DE8}") = "2. Servicios distribuidos", "2. Servicios distribuidos", "{2D580C99-914A-48D4-9108-6003C8AB272C}"
EndProject
Project("{2150E333-8FDC-42A3-9474-1A3956D46DE8}") = "3. Aplicacion", "3. Aplicacion", "{3AEB651A-2671-4D1A-B68F-C0CD69C704E8}"
EndProject
Project("{2150E333-8FDC-42A3-9474-1A3956D46DE8}") = "4. Dominio", "4. Dominio", "{1DB7E54E-9ABE-48DB-ABAC-0EF367D5C024}"
EndProject
Project("{2150E333-8FDC-42A3-9474-1A3956D46DE8}") = "5. Infraestructura", "5. Infraestructura", "{05AADF92-0D4F-42DE-87C4-B5673E63ACA6}"
EndProject
Project("{2150E333-8FDC-42A3-9474-1A3956D46DE8}") = "Pruebas", "Pruebas", "{63D06DF4-76DE-4540-A181-174BAD91C824}"
EndProject
Project("{2150E333-8FDC-42A3-9474-1A3956D46DE8}") = "5.1 Datos", "5.1 Datos", "{B3DAE46C-436E-48FE-A64C-41794C799B16}"
EndProject
Project("{2150E333-8FDC-42A3-9474-1A3956D46DE8}") = "5.2 Transversal", "5.2 Transversal", "{135BFB78-606E-49DE-A51B-5886FADEA095}"
EndProject
Project("{9A19103F-16F7-4668-BE54-9A1E7A4F7556}") = "Blazor.Infraestructura.Datos.Persistencia", "Blazor.Infraestructura.Datos.Persistencia\Blazor.Infraestructura.Datos.Persistencia.csproj", "{297CA0D3-D6B0-41F5-98BA-6B3F578E2A43}"
EndProject
Project("{9A19103F-16F7-4668-BE54-9A1E7A4F7556}") = "Blazor.Dominio", "Blazor.Dominio\Blazor.Dominio.csproj", "{BD36F9C3-177A-4877-879A-4F8D8A13E245}"
EndProject
Project("{9A19103F-16F7-4668-BE54-9A1E7A4F7556}") = "Blazor.Aplicacion.Core", "Blazor.Aplicacion.Core\Blazor.Aplicacion.Core.csproj", "{4AA3AEC8-AE8A-4A2D-809A-76EB02E3EB38}"
EndProject
Project("{9A19103F-16F7-4668-BE54-9A1E7A4F7556}") = "Blazor.Aplicacion.Dto", "Blazor.Aplicacion.Dto\Blazor.Aplicacion.Dto.csproj", "{4E464D10-070C-477F-BDB1-40AF5770CCF3}"
EndProject
Project("{9A19103F-16F7-4668-BE54-9A1E7A4F7556}") = "Blazor.Infraestructura.Transversal", "Blazor.Infraestructura.Transversal\Blazor.Infraestructura.Transversal.csproj", "{E83648F6-EF08-446A-98E1-AF7F273E4877}"
EndProject
Project("{9A19103F-16F7-4668-BE54-9A1E7A4F7556}") = "BlazorCRUD.UI", "BlazorCRUD.UI\BlazorCRUD.UI.csproj", "{0CD1C274-018C-4FFB-81C2-8A2126C8D85C}"
EndProject
Project("{9A19103F-16F7-4668-BE54-9A1E7A4F7556}") = "Blazor.Test", "Blazor.Test\Blazor.Test.csproj", "{B1BFF354-C794-4D79-8B70-2BF02BE42A8E}"
EndProject
Project("{9A19103F-16F7-4668-BE54-9A1E7A4F7556}") = "Blazor.WebApi", "Blazor.WebApi\Blazor.WebApi.csproj", "{D8A38C46-E34F-4802-86E6-926960B040A7}"
EndProject
Global
	GlobalSection(SolutionConfigurationPlatforms) = preSolution
		Debug|Any CPU = Debug|Any CPU
		Debug|ARM = Debug|ARM
		Debug|ARM64 = Debug|ARM64
		Debug|x64 = Debug|x64
		Debug|x86 = Debug|x86
		Release|Any CPU = Release|Any CPU
		Release|ARM = Release|ARM
		Release|ARM64 = Release|ARM64
		Release|x64 = Release|x64
		Release|x86 = Release|x86
	EndGlobalSection
	GlobalSection(ProjectConfigurationPlatforms) = postSolution
		{297CA0D3-D6B0-41F5-98BA-6B3F578E2A43}.Debug|Any CPU.ActiveCfg = Debug|Any CPU
		{297CA0D3-D6B0-41F5-98BA-6B3F578E2A43}.Debug|Any CPU.Build.0 = Debug|Any CPU
		{297CA0D3-D6B0-41F5-98BA-6B3F578E2A43}.Debug|ARM.ActiveCfg = Debug|Any CPU
		{297CA0D3-D6B0-41F5-98BA-6B3F578E2A43}.Debug|ARM.Build.0 = Debug|Any CPU
		{297CA0D3-D6B0-41F5-98BA-6B3F578E2A43}.Debug|ARM64.ActiveCfg = Debug|Any CPU
		{297CA0D3-D6B0-41F5-98BA-6B3F578E2A43}.Debug|ARM64.Build.0 = Debug|Any CPU
		{297CA0D3-D6B0-41F5-98BA-6B3F578E2A43}.Debug|x64.ActiveCfg = Debug|Any CPU
		{297CA0D3-D6B0-41F5-98BA-6B3F578E2A43}.Debug|x64.Build.0 = Debug|Any CPU
		{297CA0D3-D6B0-41F5-98BA-6B3F578E2A43}.Debug|x86.ActiveCfg = Debug|Any CPU
		{297CA0D3-D6B0-41F5-98BA-6B3F578E2A43}.Debug|x86.Build.0 = Debug|Any CPU
		{297CA0D3-D6B0-41F5-98BA-6B3F578E2A43}.Release|Any CPU.ActiveCfg = Release|Any CPU
		{297CA0D3-D6B0-41F5-98BA-6B3F578E2A43}.Release|Any CPU.Build.0 = Release|Any CPU
		{297CA0D3-D6B0-41F5-98BA-6B3F578E2A43}.Release|ARM.ActiveCfg = Release|Any CPU
		{297CA0D3-D6B0-41F5-98BA-6B3F578E2A43}.Release|ARM.Build.0 = Release|Any CPU
		{297CA0D3-D6B0-41F5-98BA-6B3F578E2A43}.Release|ARM64.ActiveCfg = Release|Any CPU
		{297CA0D3-D6B0-41F5-98BA-6B3F578E2A43}.Release|ARM64.Build.0 = Release|Any CPU
		{297CA0D3-D6B0-41F5-98BA-6B3F578E2A43}.Release|x64.ActiveCfg = Release|Any CPU
		{297CA0D3-D6B0-41F5-98BA-6B3F578E2A43}.Release|x64.Build.0 = Release|Any CPU
		{297CA0D3-D6B0-41F5-98BA-6B3F578E2A43}.Release|x86.ActiveCfg = Release|Any CPU
		{297CA0D3-D6B0-41F5-98BA-6B3F578E2A43}.Release|x86.Build.0 = Release|Any CPU
		{BD36F9C3-177A-4877-879A-4F8D8A13E245}.Debug|Any CPU.ActiveCfg = Debug|Any CPU
		{BD36F9C3-177A-4877-879A-4F8D8A13E245}.Debug|Any CPU.Build.0 = Debug|Any CPU
		{BD36F9C3-177A-4877-879A-4F8D8A13E245}.Debug|ARM.ActiveCfg = Debug|Any CPU
		{BD36F9C3-177A-4877-879A-4F8D8A13E245}.Debug|ARM.Build.0 = Debug|Any CPU
		{BD36F9C3-177A-4877-879A-4F8D8A13E245}.Debug|ARM64.ActiveCfg = Debug|Any CPU
		{BD36F9C3-177A-4877-879A-4F8D8A13E245}.Debug|ARM64.Build.0 = Debug|Any CPU
		{BD36F9C3-177A-4877-879A-4F8D8A13E245}.Debug|x64.ActiveCfg = Debug|Any CPU
		{BD36F9C3-177A-4877-879A-4F8D8A13E245}.Debug|x64.Build.0 = Debug|Any CPU
		{BD36F9C3-177A-4877-879A-4F8D8A13E245}.Debug|x86.ActiveCfg = Debug|Any CPU
		{BD36F9C3-177A-4877-879A-4F8D8A13E245}.Debug|x86.Build.0 = Debug|Any CPU
		{BD36F9C3-177A-4877-879A-4F8D8A13E245}.Release|Any CPU.ActiveCfg = Release|Any CPU
		{BD36F9C3-177A-4877-879A-4F8D8A13E245}.Release|Any CPU.Build.0 = Release|Any CPU
		{BD36F9C3-177A-4877-879A-4F8D8A13E245}.Release|ARM.ActiveCfg = Release|Any CPU
		{BD36F9C3-177A-4877-879A-4F8D8A13E245}.Release|ARM.Build.0 = Release|Any CPU
		{BD36F9C3-177A-4877-879A-4F8D8A13E245}.Release|ARM64.ActiveCfg = Release|Any CPU
		{BD36F9C3-177A-4877-879A-4F8D8A13E245}.Release|ARM64.Build.0 = Release|Any CPU
		{BD36F9C3-177A-4877-879A-4F8D8A13E245}.Release|x64.ActiveCfg = Release|Any CPU
		{BD36F9C3-177A-4877-879A-4F8D8A13E245}.Release|x64.Build.0 = Release|Any CPU
		{BD36F9C3-177A-4877-879A-4F8D8A13E245}.Release|x86.ActiveCfg = Release|Any CPU
		{BD36F9C3-177A-4877-879A-4F8D8A13E245}.Release|x86.Build.0 = Release|Any CPU
		{4AA3AEC8-AE8A-4A2D-809A-76EB02E3EB38}.Debug|Any CPU.ActiveCfg = Debug|Any CPU
		{4AA3AEC8-AE8A-4A2D-809A-76EB02E3EB38}.Debug|Any CPU.Build.0 = Debug|Any CPU
		{4AA3AEC8-AE8A-4A2D-809A-76EB02E3EB38}.Debug|ARM.ActiveCfg = Debug|Any CPU
		{4AA3AEC8-AE8A-4A2D-809A-76EB02E3EB38}.Debug|ARM.Build.0 = Debug|Any CPU
		{4AA3AEC8-AE8A-4A2D-809A-76EB02E3EB38}.Debug|ARM64.ActiveCfg = Debug|Any CPU
		{4AA3AEC8-AE8A-4A2D-809A-76EB02E3EB38}.Debug|ARM64.Build.0 = Debug|Any CPU
		{4AA3AEC8-AE8A-4A2D-809A-76EB02E3EB38}.Debug|x64.ActiveCfg = Debug|Any CPU
		{4AA3AEC8-AE8A-4A2D-809A-76EB02E3EB38}.Debug|x64.Build.0 = Debug|Any CPU
		{4AA3AEC8-AE8A-4A2D-809A-76EB02E3EB38}.Debug|x86.ActiveCfg = Debug|Any CPU
		{4AA3AEC8-AE8A-4A2D-809A-76EB02E3EB38}.Debug|x86.Build.0 = Debug|Any CPU
		{4AA3AEC8-AE8A-4A2D-809A-76EB02E3EB38}.Release|Any CPU.ActiveCfg = Release|Any CPU
		{4AA3AEC8-AE8A-4A2D-809A-76EB02E3EB38}.Release|Any CPU.Build.0 = Release|Any CPU
		{4AA3AEC8-AE8A-4A2D-809A-76EB02E3EB38}.Release|ARM.ActiveCfg = Release|Any CPU
		{4AA3AEC8-AE8A-4A2D-809A-76EB02E3EB38}.Release|ARM.Build.0 = Release|Any CPU
		{4AA3AEC8-AE8A-4A2D-809A-76EB02E3EB38}.Release|ARM64.ActiveCfg = Release|Any CPU
		{4AA3AEC8-AE8A-4A2D-809A-76EB02E3EB38}.Release|ARM64.Build.0 = Release|Any CPU
		{4AA3AEC8-AE8A-4A2D-809A-76EB02E3EB38}.Release|x64.ActiveCfg = Release|Any CPU
		{4AA3AEC8-AE8A-4A2D-809A-76EB02E3EB38}.Release|x64.Build.0 = Release|Any CPU
		{4AA3AEC8-AE8A-4A2D-809A-76EB02E3EB38}.Release|x86.ActiveCfg = Release|Any CPU
		{4AA3AEC8-AE8A-4A2D-809A-76EB02E3EB38}.Release|x86.Build.0 = Release|Any CPU
		{4E464D10-070C-477F-BDB1-40AF5770CCF3}.Debug|Any CPU.ActiveCfg = Debug|Any CPU
		{4E464D10-070C-477F-BDB1-40AF5770CCF3}.Debug|Any CPU.Build.0 = Debug|Any CPU
		{4E464D10-070C-477F-BDB1-40AF5770CCF3}.Debug|ARM.ActiveCfg = Debug|Any CPU
		{4E464D10-070C-477F-BDB1-40AF5770CCF3}.Debug|ARM.Build.0 = Debug|Any CPU
		{4E464D10-070C-477F-BDB1-40AF5770CCF3}.Debug|ARM64.ActiveCfg = Debug|Any CPU
		{4E464D10-070C-477F-BDB1-40AF5770CCF3}.Debug|ARM64.Build.0 = Debug|Any CPU
		{4E464D10-070C-477F-BDB1-40AF5770CCF3}.Debug|x64.ActiveCfg = Debug|Any CPU
		{4E464D10-070C-477F-BDB1-40AF5770CCF3}.Debug|x64.Build.0 = Debug|Any CPU
		{4E464D10-070C-477F-BDB1-40AF5770CCF3}.Debug|x86.ActiveCfg = Debug|Any CPU
		{4E464D10-070C-477F-BDB1-40AF5770CCF3}.Debug|x86.Build.0 = Debug|Any CPU
		{4E464D10-070C-477F-BDB1-40AF5770CCF3}.Release|Any CPU.ActiveCfg = Release|Any CPU
		{4E464D10-070C-477F-BDB1-40AF5770CCF3}.Release|Any CPU.Build.0 = Release|Any CPU
		{4E464D10-070C-477F-BDB1-40AF5770CCF3}.Release|ARM.ActiveCfg = Release|Any CPU
		{4E464D10-070C-477F-BDB1-40AF5770CCF3}.Release|ARM.Build.0 = Release|Any CPU
		{4E464D10-070C-477F-BDB1-40AF5770CCF3}.Release|ARM64.ActiveCfg = Release|Any CPU
		{4E464D10-070C-477F-BDB1-40AF5770CCF3}.Release|ARM64.Build.0 = Release|Any CPU
		{4E464D10-070C-477F-BDB1-40AF5770CCF3}.Release|x64.ActiveCfg = Release|Any CPU
		{4E464D10-070C-477F-BDB1-40AF5770CCF3}.Release|x64.Build.0 = Release|Any CPU
		{4E464D10-070C-477F-BDB1-40AF5770CCF3}.Release|x86.ActiveCfg = Release|Any CPU
		{4E464D10-070C-477F-BDB1-40AF5770CCF3}.Release|x86.Build.0 = Release|Any CPU
		{E83648F6-EF08-446A-98E1-AF7F273E4877}.Debug|Any CPU.ActiveCfg = Debug|Any CPU
		{E83648F6-EF08-446A-98E1-AF7F273E4877}.Debug|Any CPU.Build.0 = Debug|Any CPU
		{E83648F6-EF08-446A-98E1-AF7F273E4877}.Debug|ARM.ActiveCfg = Debug|Any CPU
		{E83648F6-EF08-446A-98E1-AF7F273E4877}.Debug|ARM.Build.0 = Debug|Any CPU
		{E83648F6-EF08-446A-98E1-AF7F273E4877}.Debug|ARM64.ActiveCfg = Debug|Any CPU
		{E83648F6-EF08-446A-98E1-AF7F273E4877}.Debug|ARM64.Build.0 = Debug|Any CPU
		{E83648F6-EF08-446A-98E1-AF7F273E4877}.Debug|x64.ActiveCfg = Debug|Any CPU
		{E83648F6-EF08-446A-98E1-AF7F273E4877}.Debug|x64.Build.0 = Debug|Any CPU
		{E83648F6-EF08-446A-98E1-AF7F273E4877}.Debug|x86.ActiveCfg = Debug|Any CPU
		{E83648F6-EF08-446A-98E1-AF7F273E4877}.Debug|x86.Build.0 = Debug|Any CPU
		{E83648F6-EF08-446A-98E1-AF7F273E4877}.Release|Any CPU.ActiveCfg = Release|Any CPU
		{E83648F6-EF08-446A-98E1-AF7F273E4877}.Release|Any CPU.Build.0 = Release|Any CPU
		{E83648F6-EF08-446A-98E1-AF7F273E4877}.Release|ARM.ActiveCfg = Release|Any CPU
		{E83648F6-EF08-446A-98E1-AF7F273E4877}.Release|ARM.Build.0 = Release|Any CPU
		{E83648F6-EF08-446A-98E1-AF7F273E4877}.Release|ARM64.ActiveCfg = Release|Any CPU
		{E83648F6-EF08-446A-98E1-AF7F273E4877}.Release|ARM64.Build.0 = Release|Any CPU
		{E83648F6-EF08-446A-98E1-AF7F273E4877}.Release|x64.ActiveCfg = Release|Any CPU
		{E83648F6-EF08-446A-98E1-AF7F273E4877}.Release|x64.Build.0 = Release|Any CPU
		{E83648F6-EF08-446A-98E1-AF7F273E4877}.Release|x86.ActiveCfg = Release|Any CPU
		{E83648F6-EF08-446A-98E1-AF7F273E4877}.Release|x86.Build.0 = Release|Any CPU
		{0CD1C274-018C-4FFB-81C2-8A2126C8D85C}.Debug|Any CPU.ActiveCfg = Debug|Any CPU
		{0CD1C274-018C-4FFB-81C2-8A2126C8D85C}.Debug|Any CPU.Build.0 = Debug|Any CPU
		{0CD1C274-018C-4FFB-81C2-8A2126C8D85C}.Debug|ARM.ActiveCfg = Debug|Any CPU
		{0CD1C274-018C-4FFB-81C2-8A2126C8D85C}.Debug|ARM.Build.0 = Debug|Any CPU
		{0CD1C274-018C-4FFB-81C2-8A2126C8D85C}.Debug|ARM64.ActiveCfg = Debug|Any CPU
		{0CD1C274-018C-4FFB-81C2-8A2126C8D85C}.Debug|ARM64.Build.0 = Debug|Any CPU
		{0CD1C274-018C-4FFB-81C2-8A2126C8D85C}.Debug|x64.ActiveCfg = Debug|Any CPU
		{0CD1C274-018C-4FFB-81C2-8A2126C8D85C}.Debug|x64.Build.0 = Debug|Any CPU
		{0CD1C274-018C-4FFB-81C2-8A2126C8D85C}.Debug|x86.ActiveCfg = Debug|Any CPU
		{0CD1C274-018C-4FFB-81C2-8A2126C8D85C}.Debug|x86.Build.0 = Debug|Any CPU
		{0CD1C274-018C-4FFB-81C2-8A2126C8D85C}.Release|Any CPU.ActiveCfg = Release|Any CPU
		{0CD1C274-018C-4FFB-81C2-8A2126C8D85C}.Release|Any CPU.Build.0 = Release|Any CPU
		{0CD1C274-018C-4FFB-81C2-8A2126C8D85C}.Release|ARM.ActiveCfg = Release|Any CPU
		{0CD1C274-018C-4FFB-81C2-8A2126C8D85C}.Release|ARM.Build.0 = Release|Any CPU
		{0CD1C274-018C-4FFB-81C2-8A2126C8D85C}.Release|ARM64.ActiveCfg = Release|Any CPU
		{0CD1C274-018C-4FFB-81C2-8A2126C8D85C}.Release|ARM64.Build.0 = Release|Any CPU
		{0CD1C274-018C-4FFB-81C2-8A2126C8D85C}.Release|x64.ActiveCfg = Release|Any CPU
		{0CD1C274-018C-4FFB-81C2-8A2126C8D85C}.Release|x64.Build.0 = Release|Any CPU
		{0CD1C274-018C-4FFB-81C2-8A2126C8D85C}.Release|x86.ActiveCfg = Release|Any CPU
		{0CD1C274-018C-4FFB-81C2-8A2126C8D85C}.Release|x86.Build.0 = Release|Any CPU
		{B1BFF354-C794-4D79-8B70-2BF02BE42A8E}.Debug|Any CPU.ActiveCfg = Debug|Any CPU
		{B1BFF354-C794-4D79-8B70-2BF02BE42A8E}.Debug|Any CPU.Build.0 = Debug|Any CPU
		{B1BFF354-C794-4D79-8B70-2BF02BE42A8E}.Debug|ARM.ActiveCfg = Debug|Any CPU
		{B1BFF354-C794-4D79-8B70-2BF02BE42A8E}.Debug|ARM.Build.0 = Debug|Any CPU
		{B1BFF354-C794-4D79-8B70-2BF02BE42A8E}.Debug|ARM64.ActiveCfg = Debug|Any CPU
		{B1BFF354-C794-4D79-8B70-2BF02BE42A8E}.Debug|ARM64.Build.0 = Debug|Any CPU
		{B1BFF354-C794-4D79-8B70-2BF02BE42A8E}.Debug|x64.ActiveCfg = Debug|Any CPU
		{B1BFF354-C794-4D79-8B70-2BF02BE42A8E}.Debug|x64.Build.0 = Debug|Any CPU
		{B1BFF354-C794-4D79-8B70-2BF02BE42A8E}.Debug|x86.ActiveCfg = Debug|Any CPU
		{B1BFF354-C794-4D79-8B70-2BF02BE42A8E}.Debug|x86.Build.0 = Debug|Any CPU
		{B1BFF354-C794-4D79-8B70-2BF02BE42A8E}.Release|Any CPU.ActiveCfg = Release|Any CPU
		{B1BFF354-C794-4D79-8B70-2BF02BE42A8E}.Release|Any CPU.Build.0 = Release|Any CPU
		{B1BFF354-C794-4D79-8B70-2BF02BE42A8E}.Release|ARM.ActiveCfg = Release|Any CPU
		{B1BFF354-C794-4D79-8B70-2BF02BE42A8E}.Release|ARM.Build.0 = Release|Any CPU
		{B1BFF354-C794-4D79-8B70-2BF02BE42A8E}.Release|ARM64.ActiveCfg = Release|Any CPU
		{B1BFF354-C794-4D79-8B70-2BF02BE42A8E}.Release|ARM64.Build.0 = Release|Any CPU
		{B1BFF354-C794-4D79-8B70-2BF02BE42A8E}.Release|x64.ActiveCfg = Release|Any CPU
		{B1BFF354-C794-4D79-8B70-2BF02BE42A8E}.Release|x64.Build.0 = Release|Any CPU
		{B1BFF354-C794-4D79-8B70-2BF02BE42A8E}.Release|x86.ActiveCfg = Release|Any CPU
		{B1BFF354-C794-4D79-8B70-2BF02BE42A8E}.Release|x86.Build.0 = Release|Any CPU
		{D8A38C46-E34F-4802-86E6-926960B040A7}.Debug|Any CPU.ActiveCfg = Debug|Any CPU
		{D8A38C46-E34F-4802-86E6-926960B040A7}.Debug|Any CPU.Build.0 = Debug|Any CPU
		{D8A38C46-E34F-4802-86E6-926960B040A7}.Debug|ARM.ActiveCfg = Debug|Any CPU
		{D8A38C46-E34F-4802-86E6-926960B040A7}.Debug|ARM.Build.0 = Debug|Any CPU
		{D8A38C46-E34F-4802-86E6-926960B040A7}.Debug|ARM64.ActiveCfg = Debug|Any CPU
		{D8A38C46-E34F-4802-86E6-926960B040A7}.Debug|ARM64.Build.0 = Debug|Any CPU
		{D8A38C46-E34F-4802-86E6-926960B040A7}.Debug|x64.ActiveCfg = Debug|Any CPU
		{D8A38C46-E34F-4802-86E6-926960B040A7}.Debug|x64.Build.0 = Debug|Any CPU
		{D8A38C46-E34F-4802-86E6-926960B040A7}.Debug|x86.ActiveCfg = Debug|Any CPU
		{D8A38C46-E34F-4802-86E6-926960B040A7}.Debug|x86.Build.0 = Debug|Any CPU
		{D8A38C46-E34F-4802-86E6-926960B040A7}.Release|Any CPU.ActiveCfg = Release|Any CPU
		{D8A38C46-E34F-4802-86E6-926960B040A7}.Release|Any CPU.Build.0 = Release|Any CPU
		{D8A38C46-E34F-4802-86E6-926960B040A7}.Release|ARM.ActiveCfg = Release|Any CPU
		{D8A38C46-E34F-4802-86E6-926960B040A7}.Release|ARM.Build.0 = Release|Any CPU
		{D8A38C46-E34F-4802-86E6-926960B040A7}.Release|ARM64.ActiveCfg = Release|Any CPU
		{D8A38C46-E34F-4802-86E6-926960B040A7}.Release|ARM64.Build.0 = Release|Any CPU
		{D8A38C46-E34F-4802-86E6-926960B040A7}.Release|x64.ActiveCfg = Release|Any CPU
		{D8A38C46-E34F-4802-86E6-926960B040A7}.Release|x64.Build.0 = Release|Any CPU
		{D8A38C46-E34F-4802-86E6-926960B040A7}.Release|x86.ActiveCfg = Release|Any CPU
		{D8A38C46-E34F-4802-86E6-926960B040A7}.Release|x86.Build.0 = Release|Any CPU
	EndGlobalSection
	GlobalSection(SolutionProperties) = preSolution
		HideSolutionNode = FALSE
	EndGlobalSection
	GlobalSection(NestedProjects) = preSolution
		{B3DAE46C-436E-48FE-A64C-41794C799B16} = {05AADF92-0D4F-42DE-87C4-B5673E63ACA6}
		{135BFB78-606E-49DE-A51B-5886FADEA095} = {05AADF92-0D4F-42DE-87C4-B5673E63ACA6}
		{297CA0D3-D6B0-41F5-98BA-6B3F578E2A43} = {B3DAE46C-436E-48FE-A64C-41794C799B16}
		{BD36F9C3-177A-4877-879A-4F8D8A13E245} = {1DB7E54E-9ABE-48DB-ABAC-0EF367D5C024}
		{4AA3AEC8-AE8A-4A2D-809A-76EB02E3EB38} = {3AEB651A-2671-4D1A-B68F-C0CD69C704E8}
		{4E464D10-070C-477F-BDB1-40AF5770CCF3} = {3AEB651A-2671-4D1A-B68F-C0CD69C704E8}
		{E83648F6-EF08-446A-98E1-AF7F273E4877} = {135BFB78-606E-49DE-A51B-5886FADEA095}
		{0CD1C274-018C-4FFB-81C2-8A2126C8D85C} = {3D740F9E-8576-40B2-81C8-48FBD49A522A}
		{B1BFF354-C794-4D79-8B70-2BF02BE42A8E} = {63D06DF4-76DE-4540-A181-174BAD91C824}
		{D8A38C46-E34F-4802-86E6-926960B040A7} = {2D580C99-914A-48D4-9108-6003C8AB272C}
	EndGlobalSection
	GlobalSection(ExtensibilityGlobals) = postSolution
		SolutionGuid = {A9069FB2-B06C-4D61-948A-76DB5F7E99FB}
	EndGlobalSection
EndGlobal
